{
  "name": "textus-vendored-render-assets",
  "lockfileVersion": 3,
  "requires": true,
  "packages": {
    "": {
      "name": "textus-vendored-render-assets",
      "dependencies": {
        "@mermaid-js/tiny": "12.0.0",
        "katex": "0.18.7"
      }
    },
    "node_modules/@mermaid-js/tiny": {
      "version": "12.0.0",
      "resolved": "https://registry.npmjs.org/@mermaid-js/tiny/-/tiny-12.0.0.tgz",
      "integrity": "sha512-ZW9YXy+3tSLPscBT+NnQO0K0qYH7BGES5nExl6Snoygey7xd2N0cO7Nq30N5k/u7gIeYoCrldyVy+VTCMWrNDQ==",
      "license": "MIT",
      "engines": {
        "node": ">=22.12.0"
      }
    },
    "node_modules/commander": {
      "version": "15.0.0",
      "resolved": "https://registry.npmjs.org/commander/-/commander-15.0.0.tgz",
      "integrity": "sha512-z67u4ZhzCL/Tydu1lJARtEZYWbWaN7oYLHbsuzocr6y4N6WZAagG3RQ4FW61V1/0+jImpj293XfrcYnd1qxtPg==",
      "license": "MIT",
      "engines": {
        "node": ">=22.12.0"
      }
    },
    "node_modules/katex": {
      "version": "0.18.7",
      "resolved": "https://registry.npmjs.org/katex/-/katex-0.18.7.tgz",
      "integrity": "sha512-h+UCwkZ+4Jz8WQ7MLGfj7UVFrRCizGb912fwF4luGdYsC5paYG1vx+jy+KRcC/XkpjGva/P7nAWuxNnPzRvzHw==",
      "funding": [
        "https://opencollective.com/katex",
        "https://github.com/sponsors/katex"
      ],
      "license": "MIT",
      "dependencies": {
        "commander": "^15.0.0"
      },
      "bin": {
        "katex": "cli.js"
      }
    }
  }
}
